// !$*UTF8*$!
{
	archiveVersion = 1;
	classes = {
	};
	objectVersion = 51;
	objects = {

/* Begin PBXBuildFile section */
		1AC2831D17322277C139A3E2 /* Pods_trackit_challenge.framework in Frameworks */ = {isa = PBXBuildFile; fileRef = 85E2ABA63CDB129DD0493941 /* Pods_trackit_challenge.framework */; };
		24171B9D27DF7D0400CEE3CC /* AppDelegate.swift in Sources */ = {isa = PBXBuildFile; fileRef = 24171B9C27DF7D0400CEE3CC /* AppDelegate.swift */; };
		24171B9F27DF7D0400CEE3CC /* SceneDelegate.swift in Sources */ = {isa = PBXBuildFile; fileRef = 24171B9E27DF7D0400CEE3CC /* SceneDelegate.swift */; };
		24171BA427DF7D0400CEE3CC /* Main.storyboard in Resources */ = {isa = PBXBuildFile; fileRef = 24171BA227DF7D0400CEE3CC /* Main.storyboard */; };
		24171BA627DF7D0500CEE3CC /* Assets.xcassets in Resources */ = {isa = PBXBuildFile; fileRef = 24171BA527DF7D0500CEE3CC /* Assets.xcassets */; };
		24171BA927DF7D0500CEE3CC /* LaunchScreen.storyboard in Resources */ = {isa = PBXBuildFile; fileRef = 24171BA727DF7D0500CEE3CC /* LaunchScreen.storyboard */; };
		24FEFC2727E40FE200CFC774 /* PackageCell.swift in Sources */ = {isa = PBXBuildFile; fileRef = 24FEFC2627E40FE200CFC774 /* PackageCell.swift */; };
		24FEFC2C27E5047F00CFC774 /* AddPackageViewController.swift in Sources */ = {isa = PBXBuildFile; fileRef = 24FEFC2B27E5047F00CFC774 /* AddPackageViewController.swift */; };
		24FEFC2F27E553E100CFC774 /* HomeViewController.swift in Sources */ = {isa = PBXBuildFile; fileRef = 24FEFC2E27E553E100CFC774 /* HomeViewController.swift */; };
/* End PBXBuildFile section */

/* Begin PBXFileReference section */
		24171B9927DF7D0400CEE3CC /* trackit-challenge.app */ = {isa = PBXFileReference; explicitFileType = wrapper.application; includeInIndex = 0; path = "trackit-challenge.app"; sourceTree = BUILT_PRODUCTS_DIR; };
		24171B9C27DF7D0400CEE3CC /* AppDelegate.swift */ = {isa = PBXFileReference; lastKnownFileType = sourcecode.swift; path = AppDelegate.swift; sourceTree = "<group>"; };
		24171B9E27DF7D0400CEE3CC /* SceneDelegate.swift */ = {isa = PBXFileReference; lastKnownFileType = sourcecode.swift; path = SceneDelegate.swift; sourceTree = "<group>"; };
		24171BA327DF7D0400CEE3CC /* Base */ = {isa = PBXFileReference; lastKnownFileType = file.storyboard; name = Base; path = Base.lproj/Main.storyboard; sourceTree = "<group>"; };
		24171BA527DF7D0500CEE3CC /* Assets.xcassets */ = {isa = PBXFileReference; lastKnownFileType = folder.assetcatalog; path = Assets.xcassets; sourceTree = "<group>"; };
		24171BA827DF7D0500CEE3CC /* Base */ = {isa = PBXFileReference; lastKnownFileType = file.storyboard; name = Base; path = Base.lproj/LaunchScreen.storyboard; sourceTree = "<group>"; };
		24171BAA27DF7D0500CEE3CC /* Info.plist */ = {isa = PBXFileReference; lastKnownFileType = text.plist.xml; path = Info.plist; sourceTree = "<group>"; };
		24FEFC2627E40FE200CFC774 /* PackageCell.swift */ = {isa = PBXFileReference; lastKnownFileType = sourcecode.swift; path = PackageCell.swift; sourceTree = "<group>"; };
		24FEFC2B27E5047F00CFC774 /* AddPackageViewController.swift */ = {isa = PBXFileReference; lastKnownFileType = sourcecode.swift; path = AddPackageViewController.swift; sourceTree = "<group>"; };
		24FEFC2E27E553E100CFC774 /* HomeViewController.swift */ = {isa = PBXFileReference; lastKnownFileType = sourcecode.swift; path = HomeViewController.swift; sourceTree = "<group>"; };
		5D2A3CC7B3F9940EECDE23F5 /* Pods-trackit-challenge.debug.xcconfig */ = {isa = PBXFileReference; includeInIndex = 1; lastKnownFileType = text.xcconfig; name = "Pods-trackit-challenge.debug.xcconfig"; path = "Target Support Files/Pods-trackit-challenge/Pods-trackit-challenge.debug.xcconfig"; sourceTree = "<group>"; };
		85E2ABA63CDB129DD0493941 /* Pods_trackit_challenge.framework */ = {isa = PBXFileReference; explicitFileType = wrapper.framework; includeInIndex = 0; path = Pods_trackit_challenge.framework; sourceTree = BUILT_PRODUCTS_DIR; };
		A3833BCB15731C820B80C741 /* Pods-trackit-challenge.release.xcconfig */ = {isa = PBXFileReference; includeInIndex = 1; lastKnownFileType = text.xcconfig; name = "Pods-trackit-challenge.release.xcconfig"; path = "Target Support Files/Pods-trackit-challenge/Pods-trackit-challenge.release.xcconfig"; sourceTree = "<group>"; };
/* End PBXFileReference section */

/* Begin PBXFrameworksBuildPhase section */
		24171B9627DF7D0400CEE3CC /* Frameworks */ = {
			isa = PBXFrameworksBuildPhase;
			buildActionMask = 2147483647;
			files = (
				1AC2831D17322277C139A3E2 /* Pods_trackit_challenge.framework in Frameworks */,
			);
			runOnlyForDeploymentPostprocessing = 0;
		};
/* End PBXFrameworksBuildPhase section */

/* Begin PBXGroup section */
		24171B9027DF7D0400CEE3CC = {
			isa = PBXGroup;
			children = (
				24171B9B27DF7D0400CEE3CC /* trackit-challenge */,
				24171B9A27DF7D0400CEE3CC /* Products */,
				E54FFD52A83096082B42E0E5 /* Pods */,
				D1AEBCFDBD0077211447AC29 /* Frameworks */,
			);
			sourceTree = "<group>";
		};
		24171B9A27DF7D0400CEE3CC /* Products */ = {
			isa = PBXGroup;
			children = (
				24171B9927DF7D0400CEE3CC /* trackit-challenge.app */,
			);
			name = Products;
			sourceTree = "<group>";
		};
		24171B9B27DF7D0400CEE3CC /* trackit-challenge */ = {
			isa = PBXGroup;
			children = (
				24171BA527DF7D0500CEE3CC /* Assets.xcassets */,
				24171B9C27DF7D0400CEE3CC /* AppDelegate.swift */,
				24171B9E27DF7D0400CEE3CC /* SceneDelegate.swift */,
				243D310D27E69143004E3240 /* Cells */,
				243D310E27E69154004E3240 /* Controllers */,
				243D310F27E6916B004E3240 /* Storyboards */,
				24171BAA27DF7D0500CEE3CC /* Info.plist */,
			);
			path = "trackit-challenge";
			sourceTree = "<group>";
		};
		243D310D27E69143004E3240 /* Cells */ = {
			isa = PBXGroup;
			children = (
				24FEFC2627E40FE200CFC774 /* PackageCell.swift */,
			);
			path = Cells;
			sourceTree = "<group>";
		};
		243D310E27E69154004E3240 /* Controllers */ = {
			isa = PBXGroup;
			children = (
				24FEFC2E27E553E100CFC774 /* HomeViewController.swift */,
				24FEFC2B27E5047F00CFC774 /* AddPackageViewController.swift */,
			);
			path = Controllers;
			sourceTree = "<group>";
		};
		243D310F27E6916B004E3240 /* Storyboards */ = {
			isa = PBXGroup;
			children = (
				24171BA227DF7D0400CEE3CC /* Main.storyboard */,
				24171BA727DF7D0500CEE3CC /* LaunchScreen.storyboard */,
			);
			path = Storyboards;
			sourceTree = "<group>";
		};
		D1AEBCFDBD0077211447AC29 /* Frameworks */ = {
			isa = PBXGroup;
			children = (
				85E2ABA63CDB129DD0493941 /* Pods_trackit_challenge.framework */,
			);
			name = Frameworks;
			sourceTree = "<group>";
		};
		E54FFD52A83096082B42E0E5 /* Pods */ = {
			isa = PBXGroup;
			children = (
				5D2A3CC7B3F9940EECDE23F5 /* Pods-trackit-challenge.debug.xcconfig */,
				A3833BCB15731C820B80C741 /* Pods-trackit-challenge.release.xcconfig */,
			);
			path = Pods;
			sourceTree = "<group>";
		};
/* End PBXGroup section */

/* Begin PBXNativeTarget section */
		24171B9827DF7D0400CEE3CC /* trackit-challenge */ = {
			isa = PBXNativeTarget;
			buildConfigurationList = 24171BAD27DF7D0500CEE3CC /* Build configuration list for PBXNativeTarget "trackit-challenge" */;
			buildPhases = (
				00AE6D1A5046A18F53FA23B8 /* [CP] Check Pods Manifest.lock */,
				24171B9527DF7D0400CEE3CC /* Sources */,
				24171B9627DF7D0400CEE3CC /* Frameworks */,
				24171B9727DF7D0400CEE3CC /* Resources */,
				E6EE2210727632FAB6B3E34B /* [CP] Embed Pods Frameworks */,
			);
			buildRules = (
			);
			dependencies = (
			);
			name = "trackit-challenge";
			productName = "trackit-challenge";
			productReference = 24171B9927DF7D0400CEE3CC /* trackit-challenge.app */;
			productType = "com.apple.product-type.application";
		};
/* End PBXNativeTarget section */

/* Begin PBXProject section */
		24171B9127DF7D0400CEE3CC /* Project object */ = {
			isa = PBXProject;
			attributes = {
				LastSwiftUpdateCheck = 1240;
				LastUpgradeCheck = 1240;
				TargetAttributes = {
					24171B9827DF7D0400CEE3CC = {
						CreatedOnToolsVersion = 12.4;
					};
				};
			};
			buildConfigurationList = 24171B9427DF7D0400CEE3CC /* Build configuration list for PBXProject "trackit-challenge" */;
			compatibilityVersion = "Xcode 9.3";
			developmentRegion = en;
			hasScannedForEncodings = 0;
			knownRegions = (
				en,
				Base,
			);
			mainGroup = 24171B9027DF7D0400CEE3CC;
			productRefGroup = 24171B9A27DF7D0400CEE3CC /* Products */;
			projectDirPath = "";
			projectRoot = "";
			targets = (
				24171B9827DF7D0400CEE3CC /* trackit-challenge */,
			);
		};
/* End PBXProject section */

/* Begin PBXResourcesBuildPhase section */
		24171B9727DF7D0400CEE3CC /* Resources */ = {
			isa = PBXResourcesBuildPhase;
			buildActionMask = 2147483647;
			files = (
				24171BA927DF7D0500CEE3CC /* LaunchScreen.storyboard in Resources */,
				24171BA627DF7D0500CEE3CC /* Assets.xcassets in Resources */,
				24171BA427DF7D0400CEE3CC /* Main.storyboard in Resources */,
			);
			runOnlyForDeploymentPostprocessing = 0;
		};
/* End PBXResourcesBuildPhase section */

/* Begin PBXShellScriptBuildPhase section */
		00AE6D1A5046A18F53FA23B8 /* [CP] Check Pods Manifest.lock */ = {
			isa = PBXShellScriptBuildPhase;
			buildActionMask = 2147483647;
			files = (
			);
			inputFileListPaths = (
			);
			inputPaths = (
				"${PODS_PODFILE_DIR_PATH}/Podfile.lock",
				"${PODS_ROOT}/Manifest.lock",
			);
			name = "[CP] Check Pods Manifest.lock";
			outputFileListPaths = (
			);
			outputPaths = (
				"$(DERIVED_FILE_DIR)/Pods-trackit-challenge-checkManifestLockResult.txt",
			);
			runOnlyForDeploymentPostprocessing = 0;
			shellPath = /bin/sh;
			shellScript = "diff \"${PODS_PODFILE_DIR_PATH}/Podfile.lock\" \"${PODS_ROOT}/Manifest.lock\" > /dev/null\nif [ $? != 0 ] ; then\n    # print error to STDERR\n    echo \"error: The sandbox is not in sync with the Podfile.lock. Run 'pod install' or update your CocoaPods installation.\" >&2\n    exit 1\nfi\n# This output is used by Xcode 'outputs' to avoid re-running this script phase.\necho \"SUCCESS\" > \"${SCRIPT_OUTPUT_FILE_0}\"\n";
			showEnvVarsInLog = 0;
		};
		E6EE2210727632FAB6B3E34B /* [CP] Embed Pods Frameworks */ = {
			isa = PBXShellScriptBuildPhase;
			buildActionMask = 2147483647;
			files = (
			);
			inputFileListPaths = (
				"${PODS_ROOT}/Target Support Files/Pods-trackit-challenge/Pods-trackit-challenge-frameworks-${CONFIGURATION}-input-files.xcfilelist",
			);
			name = "[CP] Embed Pods Frameworks";
			outputFileListPaths = (
				"${PODS_ROOT}/Target Support Files/Pods-trackit-challenge/Pods-trackit-challenge-frameworks-${CONFIGURATION}-output-files.xcfilelist",
			);
			runOnlyForDeploymentPostprocessing = 0;
			shellPath = /bin/sh;
			shellScript = "\"${PODS_ROOT}/Target Support Files/Pods-trackit-challenge/Pods-trackit-challenge-frameworks.sh\"\n";
			showEnvVarsInLog = 0;
		};
/* End PBXShellScriptBuildPhase section */

/* Begin PBXSourcesBuildPhase section */
		24171B9527DF7D0400CEE3CC /* Sources */ = {
			isa = PBXSourcesBuildPhase;
			buildActionMask = 2147483647;
			files = (
				24FEFC2727E40FE200CFC774 /* PackageCell.swift in Sources */,
				24171B9D27DF7D0400CEE3CC /* AppDelegate.swift in Sources */,
				24171B9F27DF7D0400CEE3CC /* SceneDelegate.swift in Sources */,
				24FEFC2C27E5047F00CFC774 /* AddPackageViewController.swift in Sources */,
				24FEFC2F27E553E100CFC774 /* HomeViewController.swift in Sources */,
			);
			runOnlyForDeploymentPostprocessing = 0;
		};
/* End PBXSourcesBuildPhase section */

/* Begin PBXVariantGroup section */
		24171BA227DF7D0400CEE3CC /* Main.storyboard */ = {
			isa = PBXVariantGroup;
			children = (
				24171BA327DF7D0400CEE3CC /* Base */,
			);
			name = Main.storyboard;
			sourceTree = "<group>";
		};
		24171BA727DF7D0500CEE3CC /* LaunchScreen.storyboard */ = {
			isa = PBXVariantGroup;
			children = (
				24171BA827DF7D0500CEE3CC /* Base */,
			);
			name = LaunchScreen.storyboard;
			sourceTree = "<group>";
		};
/* End PBXVariantGroup section */

/* Begin XCBuildConfiguration section */
		24171BAB27DF7D0500CEE3CC /* Debug */ = {
			isa = XCBuildConfiguration;
			buildSettings = {
				ALWAYS_SEARCH_USER_PATHS = NO;
				CLANG_ANALYZER_NONNULL = YES;
				CLANG_ANALYZER_NUMBER_OBJECT_CONVERSION = YES_AGGRESSIVE;
				CLANG_CXX_LANGUAGE_STANDARD = "gnu++14";
				CLANG_CXX_LIBRARY = "libc++";
				CLANG_ENABLE_MODULES = YES;
				CLANG_ENABLE_OBJC_ARC = YES;
				CLANG_ENABLE_OBJC_WEAK = YES;
				CLANG_WARN_BLOCK_CAPTURE_AUTORELEASING = YES;
				CLANG_WARN_BOOL_CONVERSION = YES;
				CLANG_WARN_COMMA = YES;
				CLANG_WARN_CONSTANT_CONVERSION = YES;
				CLANG_WARN_DEPRECATED_OBJC_IMPLEMENTATIONS = YES;
				CLANG_WARN_DIRECT_OBJC_ISA_USAGE = YES_ERROR;
				CLANG_WARN_DOCUMENTATION_COMMENTS = YES;
				CLANG_WARN_EMPTY_BODY = YES;
				CLANG_WARN_ENUM_CONVERSION = YES;
				CLANG_WARN_INFINITE_RECURSION = YES;
				CLANG_WARN_INT_CONVERSION = YES;
				CLANG_WARN_NON_LITERAL_NULL_CONVERSION = YES;
				CLANG_WARN_OBJC_IMPLICIT_RETAIN_SELF = YES;
				CLANG_WARN_OBJC_LITERAL_CONVERSION = YES;
				CLANG_WARN_OBJC_ROOT_CLASS = YES_ERROR;
				CLANG_WARN_QUOTED_INCLUDE_IN_FRAMEWORK_HEADER = YES;
				CLANG_WARN_RANGE_LOOP_ANALYSIS = YES;
				CLANG_WARN_STRICT_PROTOTYPES = YES;
				CLANG_WARN_SUSPICIOUS_MOVE = YES;
				CLANG_WARN_UNGUARDED_AVAILABILITY = YES_AGGRESSIVE;
				CLANG_WARN_UNREACHABLE_CODE = YES;
				CLANG_WARN__DUPLICATE_METHOD_MATCH = YES;
				COPY_PHASE_STRIP = NO;
				DEBUG_INFORMATION_FORMAT = dwarf;
				ENABLE_STRICT_OBJC_MSGSEND = YES;
				ENABLE_TESTABILITY = YES;
				GCC_C_LANGUAGE_STANDARD = gnu11;
				GCC_DYNAMIC_NO_PIC = NO;
				GCC_NO_COMMON_BLOCKS = YES;
				GCC_OPTIMIZATION_LEVEL = 0;
				GCC_PREPROCESSOR_DEFINITIONS = (
					"DEBUG=1",
					"$(inherited)",
				);
				GCC_WARN_64_TO_32_BIT_CONVERSION = YES;
				GCC_WARN_ABOUT_RETURN_TYPE = YES_ERROR;
				GCC_WARN_UNDECLARED_SELECTOR = YES;
				GCC_WARN_UNINITIALIZED_AUTOS = YES_AGGRESSIVE;
				GCC_WARN_UNUSED_FUNCTION = YES;
				GCC_WARN_UNUSED_VARIABLE = YES;
				IPHONEOS_DEPLOYMENT_TARGET = 14.4;
				MTL_ENABLE_DEBUG_INFO = INCLUDE_SOURCE;
				MTL_FAST_MATH = YES;
				ONLY_ACTIVE_ARCH = YES;
				SDKROOT = iphoneos;
				SWIFT_ACTIVE_COMPILATION_CONDITIONS = DEBUG;
				SWIFT_OPTIMIZATION_LEVEL = "-Onone";
			};
			name = Debug;
		};
		24171BAC27DF7D0500CEE3CC /* Release */ = {
			isa = XCBuildConfiguration;
			buildSettings = {
				ALWAYS_SEARCH_USER_PATHS = NO;
				CLANG_ANALYZER_NONNULL = YES;
				CLANG_ANALYZER_NUMBER_OBJECT_CONVERSION = YES_AGGRESSIVE;
				CLANG_CXX_LANGUAGE_STANDARD = "gnu++14";
				CLANG_CXX_LIBRARY = "libc++";
				CLANG_ENABLE_MODULES = YES;
				CLANG_ENABLE_OBJC_ARC = YES;
				CLANG_ENABLE_OBJC_WEAK = YES;
				CLANG_WARN_BLOCK_CAPTURE_AUTORELEASING = YES;
				CLANG_WARN_BOOL_CONVERSION = YES;
				CLANG_WARN_COMMA = YES;
				CLANG_WARN_CONSTANT_CONVERSION = YES;
				CLANG_WARN_DEPRECATED_OBJC_IMPLEMENTATIONS = YES;
				CLANG_WARN_DIRECT_OBJC_ISA_USAGE = YES_ERROR;
				CLANG_WARN_DOCUMENTATION_COMMENTS = YES;
				CLANG_WARN_EMPTY_BODY = YES;
				CLANG_WARN_ENUM_CONVERSION = YES;
				CLANG_WARN_INFINITE_RECURSION = YES;
				CLANG_WARN_INT_CONVERSION = YES;
				CLANG_WARN_NON_LITERAL_NULL_CONVERSION = YES;
				CLANG_WARN_OBJC_IMPLICIT_RETAIN_SELF = YES;
				CLANG_WARN_OBJC_LITERAL_CONVERSION = YES;
				CLANG_WARN_OBJC_ROOT_CLASS = YES_ERROR;
				CLANG_WARN_QUOTED_INCLUDE_IN_FRAMEWORK_HEADER = YES;
				CLANG_WARN_RANGE_LOOP_ANALYSIS = YES;
				CLANG_WARN_STRICT_PROTOTYPES = YES;
				CLANG_WARN_SUSPICIOUS_MOVE = YES;
				CLANG_WARN_UNGUARDED_AVAILABILITY = YES_AGGRESSIVE;
				CLANG_WARN_UNREACHABLE_CODE = YES;
				CLANG_WARN__DUPLICATE_METHOD_MATCH = YES;
				COPY_PHASE_STRIP = NO;
				DEBUG_INFORMATION_FORMAT = "dwarf-with-dsym";
				ENABLE_NS_ASSERTIONS = NO;
				ENABLE_STRICT_OBJC_MSGSEND = YES;
				GCC_C_LANGUAGE_STANDARD = gnu11;
				GCC_NO_COMMON_BLOCKS = YES;
				GCC_WARN_64_TO_32_BIT_CONVERSION = YES;
				GCC_WARN_ABOUT_RETURN_TYPE = YES_ERROR;
				GCC_WARN_UNDECLARED_SELECTOR = YES;
				GCC_WARN_UNINITIALIZED_AUTOS = YES_AGGRESSIVE;
				GCC_WARN_UNUSED_FUNCTION = YES;
				GCC_WARN_UNUSED_VARIABLE = YES;
				IPHONEOS_DEPLOYMENT_TARGET = 14.4;
				MTL_ENABLE_DEBUG_INFO = NO;
				MTL_FAST_MATH = YES;
				SDKROOT = iphoneos;
				SWIFT_COMPILATION_MODE = wholemodule;
				SWIFT_OPTIMIZATION_LEVEL = "-O";
				VALIDATE_PRODUCT = YES;
			};
			name = Release;
		};
		24171BAE27DF7D0500CEE3CC /* Debug */ = {
			isa = XCBuildConfiguration;
			baseConfigurationReference = 5D2A3CC7B3F9940EECDE23F5 /* Pods-trackit-challenge.debug.xcconfig */;
			buildSettings = {
				ASSETCATALOG_COMPILER_APPICON_NAME = AppIcon;
				ASSETCATALOG_COMPILER_GLOBAL_ACCENT_COLOR_NAME = AccentColor;
				CODE_SIGN_STYLE = Automatic;
				DEVELOPMENT_TEAM = "";
				INFOPLIST_FILE = "trackit-challenge/Info.plist";
				LD_RUNPATH_SEARCH_PATHS = (
					"$(inherited)",
					"@executable_path/Frameworks",
				);
				PRODUCT_BUNDLE_IDENTIFIER = "com.asadrzv.trackit-challenge";
				PRODUCT_NAME = "$(TARGET_NAME)";
				SWIFT_VERSION = 5.0;
				TARGETED_DEVICE_FAMILY = "1,2";
			};
			name = Debug;
		};
		24171BAF27DF7D0500CEE3CC /* Release */ = {
			isa = XCBuildConfiguration;
			baseConfigurationReference = A3833BCB15731C820B80C741 /* Pods-trackit-challenge.release.xcconfig */;
			buildSettings = {
				ASSETCATALOG_COMPILER_APPICON_NAME = AppIcon;
				ASSETCATALOG_COMPILER_GLOBAL_ACCENT_COLOR_NAME = AccentColor;
				CODE_SIGN_STYLE = Automatic;
				DEVELOPMENT_TEAM = "";
				INFOPLIST_FILE = "trackit-challenge/Info.plist";
				LD_RUNPATH_SEARCH_PATHS = (
					"$(inherited)",
					"@executable_path/Frameworks",
				);
				PRODUCT_BUNDLE_IDENTIFIER = "com.asadrzv.trackit-challenge";
				PRODUCT_NAME = "$(TARGET_NAME)";
				SWIFT_VERSION = 5.0;
				TARGETED_DEVICE_FAMILY = "1,2";
			};
			name = Release;
		};
/* End XCBuildConfiguration section */

/* Begin XCConfigurationList section */
		24171B9427DF7D0400CEE3CC /* Build configuration list for PBXProject "trackit-challenge" */ = {
			isa = XCConfigurationList;
			buildConfigurations = (
				24171BAB27DF7D0500CEE3CC /* Debug */,
				24171BAC27DF7D0500CEE3CC /* Release */,
			);
			defaultConfigurationIsVisible = 0;
			defaultConfigurationName = Release;
		};
		24171BAD27DF7D0500CEE3CC /* Build configuration list for PBXNativeTarget "trackit-challenge" */ = {
			isa = XCConfigurationList;
			buildConfigurations = (
				24171BAE27DF7D0500CEE3CC /* Debug */,
				24171BAF27DF7D0500CEE3CC /* Release */,
			);
			defaultConfigurationIsVisible = 0;
			defaultConfigurationName = Release;
		};
/* End XCConfigurationList section */
	};
	rootObject = 24171B9127DF7D0400CEE3CC /* Project object */;
}
